
Microsoft Visual Studio Solution File, Format Version 12.00
# Visual Studio 15
VisualStudioVersion = 15.0.26228.12
MinimumVisualStudioVersion = 10.0.40219.1
Project("{FAE04EC0-301F-11D3-BF4B-00C04F79EFBC}") = "YTII.Android.App", "YTII.Android.App\YTII.Android.App.csproj", "{D9A5531F-154E-4C26-BD6A-68999B827FDB}"
EndProject
Global
	GlobalSection(SolutionConfigurationPlatforms) = preSolution
		Debug|Any CPU = Debug|Any CPU
		Release (all)|Any CPU = Release (all)|Any CPU
		Release (armeabi-v7a)|Any CPU = Release (armeabi-v7a)|Any CPU
		Release (x86_64)|Any CPU = Release (x86_64)|Any CPU
		Release|Any CPU = Release|Any CPU
	EndGlobalSection
	GlobalSection(ProjectConfigurationPlatforms) = postSolution
		{D9A5531F-154E-4C26-BD6A-68999B827FDB}.Debug|Any CPU.ActiveCfg = Debug|Any CPU
		{D9A5531F-154E-4C26-BD6A-68999B827FDB}.Debug|Any CPU.Build.0 = Debug|Any CPU
		{D9A5531F-154E-4C26-BD6A-68999B827FDB}.Debug|Any CPU.Deploy.0 = Debug|Any CPU
		{D9A5531F-154E-4C26-BD6A-68999B827FDB}.Release (all)|Any CPU.ActiveCfg = Release (all)|Any CPU
		{D9A5531F-154E-4C26-BD6A-68999B827FDB}.Release (all)|Any CPU.Build.0 = Release (all)|Any CPU
		{D9A5531F-154E-4C26-BD6A-68999B827FDB}.Release (all)|Any CPU.Deploy.0 = Release (all)|Any CPU
		{D9A5531F-154E-4C26-BD6A-68999B827FDB}.Release (armeabi-v7a)|Any CPU.ActiveCfg = Release (armeabi-v7a)|Any CPU
		{D9A5531F-154E-4C26-BD6A-68999B827FDB}.Release (armeabi-v7a)|Any CPU.Build.0 = Release (armeabi-v7a)|Any CPU
		{D9A5531F-154E-4C26-BD6A-68999B827FDB}.Release (armeabi-v7a)|Any CPU.Deploy.0 = Release (armeabi-v7a)|Any CPU
		{D9A5531F-154E-4C26-BD6A-68999B827FDB}.Release (x86_64)|Any CPU.ActiveCfg = Release (x86_64)|Any CPU
		{D9A5531F-154E-4C26-BD6A-68999B827FDB}.Release (x86_64)|Any CPU.Build.0 = Release (x86_64)|Any CPU
		{D9A5531F-154E-4C26-BD6A-68999B827FDB}.Release (x86_64)|Any CPU.Deploy.0 = Release (x86_64)|Any CPU
		{D9A5531F-154E-4C26-BD6A-68999B827FDB}.Release|Any CPU.ActiveCfg = Release|Any CPU
		{D9A5531F-154E-4C26-BD6A-68999B827FDB}.Release|Any CPU.Build.0 = Release|Any CPU
		{D9A5531F-154E-4C26-BD6A-68999B827FDB}.Release|Any CPU.Deploy.0 = Release|Any CPU
	EndGlobalSection
	GlobalSection(SolutionProperties) = preSolution
		HideSolutionNode = FALSE
	EndGlobalSection
EndGlobal
